
Microsoft Visual Studio Solution File, Format Version 12.00
# Visual Studio 14
VisualStudioVersion = 14.0.25123.0
MinimumVisualStudioVersion = 10.0.40219.1
Project("{2150E333-8FDC-42A3-9474-1A3956D46DE8}") = "Sources", "Sources", "{2EE2A762-2B4D-46B1-B3B7-62D9885333B5}"
EndProject
Project("{2150E333-8FDC-42A3-9474-1A3956D46DE8}") = "Tests", "Tests", "{6DB65F20-3D50-44E3-9CC3-482E158BC729}"
EndProject
Project("{2150E333-8FDC-42A3-9474-1A3956D46DE8}") = "Libraries", "Libraries", "{FBB172FA-0295-47EF-845A-68E9D1BCD2BF}"
EndProject
Project("{2150E333-8FDC-42A3-9474-1A3956D46DE8}") = "Libraries", "Libraries", "{87341B7A-1C8B-461F-B411-F7668874C160}"
EndProject
Project("{2150E333-8FDC-42A3-9474-1A3956D46DE8}") = "Graphics", "Graphics", "{CACA7354-4059-4F0F-816D-BEDC87312A02}"
	ProjectSection(SolutionItems) = preProject
		Graphics\lock_screen.png = Graphics\lock_screen.png
		Graphics\ratp_-_plan_de_l_itineraire.png = Graphics\ratp_-_plan_de_l_itineraire.png
		Graphics\start_screen.png = Graphics\start_screen.png
		Graphics\weather.png = Graphics\weather.png
	EndProjectSection
EndProject
Project("{FAE04EC0-301F-11D3-BF4B-00C04F79EFBC}") = "MirrorSUPINFO", "Sources\MirrorSUPINFO\MirrorSUPINFO.csproj", "{76787877-E806-46A3-BAA3-841DDF8FDD05}"
EndProject
Project("{FAE04EC0-301F-11D3-BF4B-00C04F79EFBC}") = "MirrorSUPINFO.Components", "Sources\Libraries\MirrorSUPINFO.Components\MirrorSUPINFO.Components.csproj", "{9331096E-0C1A-4D20-958D-81E57B24773F}"
EndProject
Project("{FAE04EC0-301F-11D3-BF4B-00C04F79EFBC}") = "MirrorSUPINFO.Apps", "Sources\Libraries\MirrorSUPINFO.Apps\MirrorSUPINFO.Apps.csproj", "{3650AFEB-76BF-4E47-8837-335624200C4E}"
EndProject
Project("{FAE04EC0-301F-11D3-BF4B-00C04F79EFBC}") = "MirrorSUPINFO.SDK", "Sources\Libraries\MirrorSUPINFO.SDK\MirrorSUPINFO.SDK.csproj", "{05EE98EB-5562-4BA6-B795-29C57F56A7A0}"
EndProject
Project("{FAE04EC0-301F-11D3-BF4B-00C04F79EFBC}") = "MirrorSUPINFO.Design", "Sources\Libraries\MirrorSUPINFO.Design\MirrorSUPINFO.Design.csproj", "{5DB8B6AD-6AA9-4482-89F3-F1A83C564811}"
EndProject
Project("{FAE04EC0-301F-11D3-BF4B-00C04F79EFBC}") = "MirrorSUPINFO.Tests", "Tests\MirrorSUPINFO.Tests\MirrorSUPINFO.Tests.csproj", "{575633F8-4EDF-4D36-9F17-6B9B1CBE2708}"
EndProject
Project("{FAE04EC0-301F-11D3-BF4B-00C04F79EFBC}") = "MirrorSUPINFO.Apps.Tests", "Tests\Libraries\MirrorSUPINFO.Apps.Tests\MirrorSUPINFO.Apps.Tests.csproj", "{2055B957-CC62-45EA-837B-1406FBE11B7D}"
EndProject
Project("{FAE04EC0-301F-11D3-BF4B-00C04F79EFBC}") = "MirrorSUPINFO.Components.Tests", "Tests\Libraries\MirrorSUPINFO.Components.Tests\MirrorSUPINFO.Components.Tests.csproj", "{08CA334C-51CD-4BFD-82CF-123FD04B1285}"
EndProject
Project("{FAE04EC0-301F-11D3-BF4B-00C04F79EFBC}") = "MirrorSUPINFO.Design.Tests", "Tests\Libraries\MirrorSUPINFO.Design.Tests\MirrorSUPINFO.Design.Tests.csproj", "{7FBBD800-BE19-4365-AB7E-FA8D7EC4FA90}"
EndProject
Project("{FAE04EC0-301F-11D3-BF4B-00C04F79EFBC}") = "MirrorSUPINFO.SDK.Tests", "Tests\Libraries\MirrorSUPINFO.SDK.Tests\MirrorSUPINFO.SDK.Tests.csproj", "{A0CCACBD-E4F9-420A-AB7F-F61E80232A9D}"
EndProject
Global
	GlobalSection(SolutionConfigurationPlatforms) = preSolution
		Debug|Any CPU = Debug|Any CPU
		Debug|ARM = Debug|ARM
		Debug|x64 = Debug|x64
		Debug|x86 = Debug|x86
		Release|Any CPU = Release|Any CPU
		Release|ARM = Release|ARM
		Release|x64 = Release|x64
		Release|x86 = Release|x86
	EndGlobalSection
	GlobalSection(ProjectConfigurationPlatforms) = postSolution
		{76787877-E806-46A3-BAA3-841DDF8FDD05}.Debug|Any CPU.ActiveCfg = Debug|x86
		{76787877-E806-46A3-BAA3-841DDF8FDD05}.Debug|ARM.ActiveCfg = Debug|ARM
		{76787877-E806-46A3-BAA3-841DDF8FDD05}.Debug|ARM.Build.0 = Debug|ARM
		{76787877-E806-46A3-BAA3-841DDF8FDD05}.Debug|ARM.Deploy.0 = Debug|ARM
		{76787877-E806-46A3-BAA3-841DDF8FDD05}.Debug|x64.ActiveCfg = Debug|x64
		{76787877-E806-46A3-BAA3-841DDF8FDD05}.Debug|x64.Build.0 = Debug|x64
		{76787877-E806-46A3-BAA3-841DDF8FDD05}.Debug|x64.Deploy.0 = Debug|x64
		{76787877-E806-46A3-BAA3-841DDF8FDD05}.Debug|x86.ActiveCfg = Debug|x86
		{76787877-E806-46A3-BAA3-841DDF8FDD05}.Debug|x86.Build.0 = Debug|x86
		{76787877-E806-46A3-BAA3-841DDF8FDD05}.Debug|x86.Deploy.0 = Debug|x86
		{76787877-E806-46A3-BAA3-841DDF8FDD05}.Release|Any CPU.ActiveCfg = Release|x86
		{76787877-E806-46A3-BAA3-841DDF8FDD05}.Release|ARM.ActiveCfg = Release|ARM
		{76787877-E806-46A3-BAA3-841DDF8FDD05}.Release|ARM.Build.0 = Release|ARM
		{76787877-E806-46A3-BAA3-841DDF8FDD05}.Release|ARM.Deploy.0 = Release|ARM
		{76787877-E806-46A3-BAA3-841DDF8FDD05}.Release|x64.ActiveCfg = Release|x64
		{76787877-E806-46A3-BAA3-841DDF8FDD05}.Release|x64.Build.0 = Release|x64
		{76787877-E806-46A3-BAA3-841DDF8FDD05}.Release|x64.Deploy.0 = Release|x64
		{76787877-E806-46A3-BAA3-841DDF8FDD05}.Release|x86.ActiveCfg = Release|x86
		{76787877-E806-46A3-BAA3-841DDF8FDD05}.Release|x86.Build.0 = Release|x86
		{76787877-E806-46A3-BAA3-841DDF8FDD05}.Release|x86.Deploy.0 = Release|x86
		{9331096E-0C1A-4D20-958D-81E57B24773F}.Debug|Any CPU.ActiveCfg = Debug|Any CPU
		{9331096E-0C1A-4D20-958D-81E57B24773F}.Debug|Any CPU.Build.0 = Debug|Any CPU
		{9331096E-0C1A-4D20-958D-81E57B24773F}.Debug|ARM.ActiveCfg = Debug|ARM
		{9331096E-0C1A-4D20-958D-81E57B24773F}.Debug|ARM.Build.0 = Debug|ARM
		{9331096E-0C1A-4D20-958D-81E57B24773F}.Debug|x64.ActiveCfg = Debug|x64
		{9331096E-0C1A-4D20-958D-81E57B24773F}.Debug|x64.Build.0 = Debug|x64
		{9331096E-0C1A-4D20-958D-81E57B24773F}.Debug|x86.ActiveCfg = Debug|x86
		{9331096E-0C1A-4D20-958D-81E57B24773F}.Debug|x86.Build.0 = Debug|x86
		{9331096E-0C1A-4D20-958D-81E57B24773F}.Release|Any CPU.ActiveCfg = Release|Any CPU
		{9331096E-0C1A-4D20-958D-81E57B24773F}.Release|Any CPU.Build.0 = Release|Any CPU
		{9331096E-0C1A-4D20-958D-81E57B24773F}.Release|ARM.ActiveCfg = Release|ARM
		{9331096E-0C1A-4D20-958D-81E57B24773F}.Release|ARM.Build.0 = Release|ARM
		{9331096E-0C1A-4D20-958D-81E57B24773F}.Release|x64.ActiveCfg = Release|x64
		{9331096E-0C1A-4D20-958D-81E57B24773F}.Release|x64.Build.0 = Release|x64
		{9331096E-0C1A-4D20-958D-81E57B24773F}.Release|x86.ActiveCfg = Release|x86
		{9331096E-0C1A-4D20-958D-81E57B24773F}.Release|x86.Build.0 = Release|x86
		{3650AFEB-76BF-4E47-8837-335624200C4E}.Debug|Any CPU.ActiveCfg = Debug|Any CPU
		{3650AFEB-76BF-4E47-8837-335624200C4E}.Debug|Any CPU.Build.0 = Debug|Any CPU
		{3650AFEB-76BF-4E47-8837-335624200C4E}.Debug|ARM.ActiveCfg = Debug|ARM
		{3650AFEB-76BF-4E47-8837-335624200C4E}.Debug|ARM.Build.0 = Debug|ARM
		{3650AFEB-76BF-4E47-8837-335624200C4E}.Debug|x64.ActiveCfg = Debug|x64
		{3650AFEB-76BF-4E47-8837-335624200C4E}.Debug|x64.Build.0 = Debug|x64
		{3650AFEB-76BF-4E47-8837-335624200C4E}.Debug|x86.ActiveCfg = Debug|x86
		{3650AFEB-76BF-4E47-8837-335624200C4E}.Debug|x86.Build.0 = Debug|x86
		{3650AFEB-76BF-4E47-8837-335624200C4E}.Release|Any CPU.ActiveCfg = Release|Any CPU
		{3650AFEB-76BF-4E47-8837-335624200C4E}.Release|Any CPU.Build.0 = Release|Any CPU
		{3650AFEB-76BF-4E47-8837-335624200C4E}.Release|ARM.ActiveCfg = Release|ARM
		{3650AFEB-76BF-4E47-8837-335624200C4E}.Release|ARM.Build.0 = Release|ARM
		{3650AFEB-76BF-4E47-8837-335624200C4E}.Release|x64.ActiveCfg = Release|x64
		{3650AFEB-76BF-4E47-8837-335624200C4E}.Release|x64.Build.0 = Release|x64
		{3650AFEB-76BF-4E47-8837-335624200C4E}.Release|x86.ActiveCfg = Release|x86
		{3650AFEB-76BF-4E47-8837-335624200C4E}.Release|x86.Build.0 = Release|x86
		{05EE98EB-5562-4BA6-B795-29C57F56A7A0}.Debug|Any CPU.ActiveCfg = Debug|Any CPU
		{05EE98EB-5562-4BA6-B795-29C57F56A7A0}.Debug|Any CPU.Build.0 = Debug|Any CPU
		{05EE98EB-5562-4BA6-B795-29C57F56A7A0}.Debug|ARM.ActiveCfg = Debug|ARM
		{05EE98EB-5562-4BA6-B795-29C57F56A7A0}.Debug|ARM.Build.0 = Debug|ARM
		{05EE98EB-5562-4BA6-B795-29C57F56A7A0}.Debug|x64.ActiveCfg = Debug|x64
		{05EE98EB-5562-4BA6-B795-29C57F56A7A0}.Debug|x64.Build.0 = Debug|x64
		{05EE98EB-5562-4BA6-B795-29C57F56A7A0}.Debug|x86.ActiveCfg = Debug|x86
		{05EE98EB-5562-4BA6-B795-29C57F56A7A0}.Debug|x86.Build.0 = Debug|x86
		{05EE98EB-5562-4BA6-B795-29C57F56A7A0}.Release|Any CPU.ActiveCfg = Release|Any CPU
		{05EE98EB-5562-4BA6-B795-29C57F56A7A0}.Release|Any CPU.Build.0 = Release|Any CPU
		{05EE98EB-5562-4BA6-B795-29C57F56A7A0}.Release|ARM.ActiveCfg = Release|ARM
		{05EE98EB-5562-4BA6-B795-29C57F56A7A0}.Release|ARM.Build.0 = Release|ARM
		{05EE98EB-5562-4BA6-B795-29C57F56A7A0}.Release|x64.ActiveCfg = Release|x64
		{05EE98EB-5562-4BA6-B795-29C57F56A7A0}.Release|x64.Build.0 = Release|x64
		{05EE98EB-5562-4BA6-B795-29C57F56A7A0}.Release|x86.ActiveCfg = Release|x86
		{05EE98EB-5562-4BA6-B795-29C57F56A7A0}.Release|x86.Build.0 = Release|x86
		{5DB8B6AD-6AA9-4482-89F3-F1A83C564811}.Debug|Any CPU.ActiveCfg = Debug|Any CPU
		{5DB8B6AD-6AA9-4482-89F3-F1A83C564811}.Debug|Any CPU.Build.0 = Debug|Any CPU
		{5DB8B6AD-6AA9-4482-89F3-F1A83C564811}.Debug|ARM.ActiveCfg = Debug|ARM
		{5DB8B6AD-6AA9-4482-89F3-F1A83C564811}.Debug|ARM.Build.0 = Debug|ARM
		{5DB8B6AD-6AA9-4482-89F3-F1A83C564811}.Debug|x64.ActiveCfg = Debug|x64
		{5DB8B6AD-6AA9-4482-89F3-F1A83C564811}.Debug|x64.Build.0 = Debug|x64
		{5DB8B6AD-6AA9-4482-89F3-F1A83C564811}.Debug|x86.ActiveCfg = Debug|x86
		{5DB8B6AD-6AA9-4482-89F3-F1A83C564811}.Debug|x86.Build.0 = Debug|x86
		{5DB8B6AD-6AA9-4482-89F3-F1A83C564811}.Release|Any CPU.ActiveCfg = Release|Any CPU
		{5DB8B6AD-6AA9-4482-89F3-F1A83C564811}.Release|Any CPU.Build.0 = Release|Any CPU
		{5DB8B6AD-6AA9-4482-89F3-F1A83C564811}.Release|ARM.ActiveCfg = Release|ARM
		{5DB8B6AD-6AA9-4482-89F3-F1A83C564811}.Release|ARM.Build.0 = Release|ARM
		{5DB8B6AD-6AA9-4482-89F3-F1A83C564811}.Release|x64.ActiveCfg = Release|x64
		{5DB8B6AD-6AA9-4482-89F3-F1A83C564811}.Release|x64.Build.0 = Release|x64
		{5DB8B6AD-6AA9-4482-89F3-F1A83C564811}.Release|x86.ActiveCfg = Release|x86
		{5DB8B6AD-6AA9-4482-89F3-F1A83C564811}.Release|x86.Build.0 = Release|x86
		{575633F8-4EDF-4D36-9F17-6B9B1CBE2708}.Debug|Any CPU.ActiveCfg = Debug|x86
		{575633F8-4EDF-4D36-9F17-6B9B1CBE2708}.Debug|ARM.ActiveCfg = Debug|ARM
		{575633F8-4EDF-4D36-9F17-6B9B1CBE2708}.Debug|ARM.Build.0 = Debug|ARM
		{575633F8-4EDF-4D36-9F17-6B9B1CBE2708}.Debug|ARM.Deploy.0 = Debug|ARM
		{575633F8-4EDF-4D36-9F17-6B9B1CBE2708}.Debug|x64.ActiveCfg = Debug|x64
		{575633F8-4EDF-4D36-9F17-6B9B1CBE2708}.Debug|x64.Build.0 = Debug|x64
		{575633F8-4EDF-4D36-9F17-6B9B1CBE2708}.Debug|x64.Deploy.0 = Debug|x64
		{575633F8-4EDF-4D36-9F17-6B9B1CBE2708}.Debug|x86.ActiveCfg = Debug|x86
		{575633F8-4EDF-4D36-9F17-6B9B1CBE2708}.Debug|x86.Build.0 = Debug|x86
		{575633F8-4EDF-4D36-9F17-6B9B1CBE2708}.Debug|x86.Deploy.0 = Debug|x86
		{575633F8-4EDF-4D36-9F17-6B9B1CBE2708}.Release|Any CPU.ActiveCfg = Release|x86
		{575633F8-4EDF-4D36-9F17-6B9B1CBE2708}.Release|ARM.ActiveCfg = Release|ARM
		{575633F8-4EDF-4D36-9F17-6B9B1CBE2708}.Release|ARM.Build.0 = Release|ARM
		{575633F8-4EDF-4D36-9F17-6B9B1CBE2708}.Release|ARM.Deploy.0 = Release|ARM
		{575633F8-4EDF-4D36-9F17-6B9B1CBE2708}.Release|x64.ActiveCfg = Release|x64
		{575633F8-4EDF-4D36-9F17-6B9B1CBE2708}.Release|x64.Build.0 = Release|x64
		{575633F8-4EDF-4D36-9F17-6B9B1CBE2708}.Release|x64.Deploy.0 = Release|x64
		{575633F8-4EDF-4D36-9F17-6B9B1CBE2708}.Release|x86.ActiveCfg = Release|x86
		{575633F8-4EDF-4D36-9F17-6B9B1CBE2708}.Release|x86.Build.0 = Release|x86
		{575633F8-4EDF-4D36-9F17-6B9B1CBE2708}.Release|x86.Deploy.0 = Release|x86
		{2055B957-CC62-45EA-837B-1406FBE11B7D}.Debug|Any CPU.ActiveCfg = Debug|x86
		{2055B957-CC62-45EA-837B-1406FBE11B7D}.Debug|ARM.ActiveCfg = Debug|ARM
		{2055B957-CC62-45EA-837B-1406FBE11B7D}.Debug|ARM.Build.0 = Debug|ARM
		{2055B957-CC62-45EA-837B-1406FBE11B7D}.Debug|ARM.Deploy.0 = Debug|ARM
		{2055B957-CC62-45EA-837B-1406FBE11B7D}.Debug|x64.ActiveCfg = Debug|x64
		{2055B957-CC62-45EA-837B-1406FBE11B7D}.Debug|x64.Build.0 = Debug|x64
		{2055B957-CC62-45EA-837B-1406FBE11B7D}.Debug|x64.Deploy.0 = Debug|x64
		{2055B957-CC62-45EA-837B-1406FBE11B7D}.Debug|x86.ActiveCfg = Debug|x86
		{2055B957-CC62-45EA-837B-1406FBE11B7D}.Debug|x86.Build.0 = Debug|x86
		{2055B957-CC62-45EA-837B-1406FBE11B7D}.Debug|x86.Deploy.0 = Debug|x86
		{2055B957-CC62-45EA-837B-1406FBE11B7D}.Release|Any CPU.ActiveCfg = Release|x86
		{2055B957-CC62-45EA-837B-1406FBE11B7D}.Release|ARM.ActiveCfg = Release|ARM
		{2055B957-CC62-45EA-837B-1406FBE11B7D}.Release|ARM.Build.0 = Release|ARM
		{2055B957-CC62-45EA-837B-1406FBE11B7D}.Release|ARM.Deploy.0 = Release|ARM
		{2055B957-CC62-45EA-837B-1406FBE11B7D}.Release|x64.ActiveCfg = Release|x64
		{2055B957-CC62-45EA-837B-1406FBE11B7D}.Release|x64.Build.0 = Release|x64
		{2055B957-CC62-45EA-837B-1406FBE11B7D}.Release|x64.Deploy.0 = Release|x64
		{2055B957-CC62-45EA-837B-1406FBE11B7D}.Release|x86.ActiveCfg = Release|x86
		{2055B957-CC62-45EA-837B-1406FBE11B7D}.Release|x86.Build.0 = Release|x86
		{2055B957-CC62-45EA-837B-1406FBE11B7D}.Release|x86.Deploy.0 = Release|x86
		{08CA334C-51CD-4BFD-82CF-123FD04B1285}.Debug|Any CPU.ActiveCfg = Debug|x86
		{08CA334C-51CD-4BFD-82CF-123FD04B1285}.Debug|ARM.ActiveCfg = Debug|ARM
		{08CA334C-51CD-4BFD-82CF-123FD04B1285}.Debug|ARM.Build.0 = Debug|ARM
		{08CA334C-51CD-4BFD-82CF-123FD04B1285}.Debug|ARM.Deploy.0 = Debug|ARM
		{08CA334C-51CD-4BFD-82CF-123FD04B1285}.Debug|x64.ActiveCfg = Debug|x64
		{08CA334C-51CD-4BFD-82CF-123FD04B1285}.Debug|x64.Build.0 = Debug|x64
		{08CA334C-51CD-4BFD-82CF-123FD04B1285}.Debug|x64.Deploy.0 = Debug|x64
		{08CA334C-51CD-4BFD-82CF-123FD04B1285}.Debug|x86.ActiveCfg = Debug|x86
		{08CA334C-51CD-4BFD-82CF-123FD04B1285}.Debug|x86.Build.0 = Debug|x86
		{08CA334C-51CD-4BFD-82CF-123FD04B1285}.Debug|x86.Deploy.0 = Debug|x86
		{08CA334C-51CD-4BFD-82CF-123FD04B1285}.Release|Any CPU.ActiveCfg = Release|x86
		{08CA334C-51CD-4BFD-82CF-123FD04B1285}.Release|ARM.ActiveCfg = Release|ARM
		{08CA334C-51CD-4BFD-82CF-123FD04B1285}.Release|ARM.Build.0 = Release|ARM
		{08CA334C-51CD-4BFD-82CF-123FD04B1285}.Release|ARM.Deploy.0 = Release|ARM
		{08CA334C-51CD-4BFD-82CF-123FD04B1285}.Release|x64.ActiveCfg = Release|x64
		{08CA334C-51CD-4BFD-82CF-123FD04B1285}.Release|x64.Build.0 = Release|x64
		{08CA334C-51CD-4BFD-82CF-123FD04B1285}.Release|x64.Deploy.0 = Release|x64
		{08CA334C-51CD-4BFD-82CF-123FD04B1285}.Release|x86.ActiveCfg = Release|x86
		{08CA334C-51CD-4BFD-82CF-123FD04B1285}.Release|x86.Build.0 = Release|x86
		{08CA334C-51CD-4BFD-82CF-123FD04B1285}.Release|x86.Deploy.0 = Release|x86
		{7FBBD800-BE19-4365-AB7E-FA8D7EC4FA90}.Debug|Any CPU.ActiveCfg = Debug|x86
		{7FBBD800-BE19-4365-AB7E-FA8D7EC4FA90}.Debug|ARM.ActiveCfg = Debug|ARM
		{7FBBD800-BE19-4365-AB7E-FA8D7EC4FA90}.Debug|ARM.Build.0 = Debug|ARM
		{7FBBD800-BE19-4365-AB7E-FA8D7EC4FA90}.Debug|ARM.Deploy.0 = Debug|ARM
		{7FBBD800-BE19-4365-AB7E-FA8D7EC4FA90}.Debug|x64.ActiveCfg = Debug|x64
		{7FBBD800-BE19-4365-AB7E-FA8D7EC4FA90}.Debug|x64.Build.0 = Debug|x64
		{7FBBD800-BE19-4365-AB7E-FA8D7EC4FA90}.Debug|x64.Deploy.0 = Debug|x64
		{7FBBD800-BE19-4365-AB7E-FA8D7EC4FA90}.Debug|x86.ActiveCfg = Debug|x86
		{7FBBD800-BE19-4365-AB7E-FA8D7EC4FA90}.Debug|x86.Build.0 = Debug|x86
		{7FBBD800-BE19-4365-AB7E-FA8D7EC4FA90}.Debug|x86.Deploy.0 = Debug|x86
		{7FBBD800-BE19-4365-AB7E-FA8D7EC4FA90}.Release|Any CPU.ActiveCfg = Release|x86
		{7FBBD800-BE19-4365-AB7E-FA8D7EC4FA90}.Release|ARM.ActiveCfg = Release|ARM
		{7FBBD800-BE19-4365-AB7E-FA8D7EC4FA90}.Release|ARM.Build.0 = Release|ARM
		{7FBBD800-BE19-4365-AB7E-FA8D7EC4FA90}.Release|ARM.Deploy.0 = Release|ARM
		{7FBBD800-BE19-4365-AB7E-FA8D7EC4FA90}.Release|x64.ActiveCfg = Release|x64
		{7FBBD800-BE19-4365-AB7E-FA8D7EC4FA90}.Release|x64.Build.0 = Release|x64
		{7FBBD800-BE19-4365-AB7E-FA8D7EC4FA90}.Release|x64.Deploy.0 = Release|x64
		{7FBBD800-BE19-4365-AB7E-FA8D7EC4FA90}.Release|x86.ActiveCfg = Release|x86
		{7FBBD800-BE19-4365-AB7E-FA8D7EC4FA90}.Release|x86.Build.0 = Release|x86
		{7FBBD800-BE19-4365-AB7E-FA8D7EC4FA90}.Release|x86.Deploy.0 = Release|x86
		{A0CCACBD-E4F9-420A-AB7F-F61E80232A9D}.Debug|Any CPU.ActiveCfg = Debug|x86
		{A0CCACBD-E4F9-420A-AB7F-F61E80232A9D}.Debug|ARM.ActiveCfg = Debug|ARM
		{A0CCACBD-E4F9-420A-AB7F-F61E80232A9D}.Debug|ARM.Build.0 = Debug|ARM
		{A0CCACBD-E4F9-420A-AB7F-F61E80232A9D}.Debug|ARM.Deploy.0 = Debug|ARM
		{A0CCACBD-E4F9-420A-AB7F-F61E80232A9D}.Debug|x64.ActiveCfg = Debug|x64
		{A0CCACBD-E4F9-420A-AB7F-F61E80232A9D}.Debug|x64.Build.0 = Debug|x64
		{A0CCACBD-E4F9-420A-AB7F-F61E80232A9D}.Debug|x64.Deploy.0 = Debug|x64
		{A0CCACBD-E4F9-420A-AB7F-F61E80232A9D}.Debug|x86.ActiveCfg = Debug|x86
		{A0CCACBD-E4F9-420A-AB7F-F61E80232A9D}.Debug|x86.Build.0 = Debug|x86
		{A0CCACBD-E4F9-420A-AB7F-F61E80232A9D}.Debug|x86.Deploy.0 = Debug|x86
		{A0CCACBD-E4F9-420A-AB7F-F61E80232A9D}.Release|Any CPU.ActiveCfg = Release|x86
		{A0CCACBD-E4F9-420A-AB7F-F61E80232A9D}.Release|ARM.ActiveCfg = Release|ARM
		{A0CCACBD-E4F9-420A-AB7F-F61E80232A9D}.Release|ARM.Build.0 = Release|ARM
		{A0CCACBD-E4F9-420A-AB7F-F61E80232A9D}.Release|ARM.Deploy.0 = Release|ARM
		{A0CCACBD-E4F9-420A-AB7F-F61E80232A9D}.Release|x64.ActiveCfg = Release|x64
		{A0CCACBD-E4F9-420A-AB7F-F61E80232A9D}.Release|x64.Build.0 = Release|x64
		{A0CCACBD-E4F9-420A-AB7F-F61E80232A9D}.Release|x64.Deploy.0 = Release|x64
		{A0CCACBD-E4F9-420A-AB7F-F61E80232A9D}.Release|x86.ActiveCfg = Release|x86
		{A0CCACBD-E4F9-420A-AB7F-F61E80232A9D}.Release|x86.Build.0 = Release|x86
		{A0CCACBD-E4F9-420A-AB7F-F61E80232A9D}.Release|x86.Deploy.0 = Release|x86
	EndGlobalSection
	GlobalSection(SolutionProperties) = preSolution
		HideSolutionNode = FALSE
	EndGlobalSection
	GlobalSection(NestedProjects) = preSolution
		{FBB172FA-0295-47EF-845A-68E9D1BCD2BF} = {2EE2A762-2B4D-46B1-B3B7-62D9885333B5}
		{87341B7A-1C8B-461F-B411-F7668874C160} = {6DB65F20-3D50-44E3-9CC3-482E158BC729}
		{CACA7354-4059-4F0F-816D-BEDC87312A02} = {2EE2A762-2B4D-46B1-B3B7-62D9885333B5}
		{76787877-E806-46A3-BAA3-841DDF8FDD05} = {2EE2A762-2B4D-46B1-B3B7-62D9885333B5}
		{9331096E-0C1A-4D20-958D-81E57B24773F} = {FBB172FA-0295-47EF-845A-68E9D1BCD2BF}
		{3650AFEB-76BF-4E47-8837-335624200C4E} = {FBB172FA-0295-47EF-845A-68E9D1BCD2BF}
		{05EE98EB-5562-4BA6-B795-29C57F56A7A0} = {FBB172FA-0295-47EF-845A-68E9D1BCD2BF}
		{5DB8B6AD-6AA9-4482-89F3-F1A83C564811} = {FBB172FA-0295-47EF-845A-68E9D1BCD2BF}
		{575633F8-4EDF-4D36-9F17-6B9B1CBE2708} = {6DB65F20-3D50-44E3-9CC3-482E158BC729}
		{2055B957-CC62-45EA-837B-1406FBE11B7D} = {87341B7A-1C8B-461F-B411-F7668874C160}
		{08CA334C-51CD-4BFD-82CF-123FD04B1285} = {87341B7A-1C8B-461F-B411-F7668874C160}
		{7FBBD800-BE19-4365-AB7E-FA8D7EC4FA90} = {87341B7A-1C8B-461F-B411-F7668874C160}
		{A0CCACBD-E4F9-420A-AB7F-F61E80232A9D} = {87341B7A-1C8B-461F-B411-F7668874C160}
	EndGlobalSection
EndGlobal
